
Microsoft Visual Studio Solution File, Format Version 12.00
# Visual Studio Version 16
VisualStudioVersion = 16.0.30621.155
MinimumVisualStudioVersion = 10.0.40219.1
Project("{FAE04EC0-301F-11D3-BF4B-00C04F79EFBC}") = "KomodoInsuranceProject.Data", "KomodoInsuranceProject.Data\KomodoInsuranceProject.Data.csproj", "{A73E47CC-FADE-4C7E-A973-53AB98D3007B}"
EndProject
Global
	GlobalSection(SolutionConfigurationPlatforms) = preSolution
		Debug|Any CPU = Debug|Any CPU
		Release|Any CPU = Release|Any CPU
	EndGlobalSection
	GlobalSection(ProjectConfigurationPlatforms) = postSolution
		{A73E47CC-FADE-4C7E-A973-53AB98D3007B}.Debug|Any CPU.ActiveCfg = Debug|Any CPU
		{A73E47CC-FADE-4C7E-A973-53AB98D3007B}.Debug|Any CPU.Build.0 = Debug|Any CPU
		{A73E47CC-FADE-4C7E-A973-53AB98D3007B}.Release|Any CPU.ActiveCfg = Release|Any CPU
		{A73E47CC-FADE-4C7E-A973-53AB98D3007B}.Release|Any CPU.Build.0 = Release|Any CPU
	EndGlobalSection
	GlobalSection(SolutionProperties) = preSolution
		HideSolutionNode = FALSE
	EndGlobalSection
	GlobalSection(ExtensibilityGlobals) = postSolution
		SolutionGuid = {938E2656-0111-4D03-839D-1BCBEF330DA6}
	EndGlobalSection
EndGlobal
